// !$*UTF8*$!
{
	archiveVersion = 1;
	classes = {
	};
	objectVersion = 56;
	objects = {

/* Begin PBXBuildFile section */
		01C56102A6601DBF076C72B9 /* Pods_NewsAppTests.framework in Frameworks */ = {isa = PBXBuildFile; fileRef = 660304F7AC15739B633F4265 /* Pods_NewsAppTests.framework */; };
		7AF0687F38CB961CB48EF4E3 /* Pods_NewsApp_NewsAppUITests.framework in Frameworks */ = {isa = PBXBuildFile; fileRef = DA7CD78E0CF2962C2643E29A /* Pods_NewsApp_NewsAppUITests.framework */; };
		82A4D4750B1E992CD5A7832C /* Pods_NewsApp.framework in Frameworks */ = {isa = PBXBuildFile; fileRef = 385BC4E851FDC2E3A5DB440A /* Pods_NewsApp.framework */; };
		A359C2C22AB16445001749EF /* NewsResponse.swift in Sources */ = {isa = PBXBuildFile; fileRef = A359C2C12AB16445001749EF /* NewsResponse.swift */; };
		A359C2C72AB167B6001749EF /* GlobalFunctions.swift in Sources */ = {isa = PBXBuildFile; fileRef = A359C2C62AB167B6001749EF /* GlobalFunctions.swift */; };
		A359C2C92AB16DB9001749EF /* Extensions+UIView.swift in Sources */ = {isa = PBXBuildFile; fileRef = A359C2C82AB16DB9001749EF /* Extensions+UIView.swift */; };
		A37AE62E2AB24BA700203451 /* VCHome.swift in Sources */ = {isa = PBXBuildFile; fileRef = A37AE62C2AB24BA700203451 /* VCHome.swift */; };
		A37AE62F2AB24BA700203451 /* VCHome.xib in Resources */ = {isa = PBXBuildFile; fileRef = A37AE62D2AB24BA700203451 /* VCHome.xib */; };
		A37AE6322AB258D700203451 /* Webservice.swift in Sources */ = {isa = PBXBuildFile; fileRef = A37AE6312AB258D700203451 /* Webservice.swift */; };
		A37AE6352AB260AA00203451 /* TVCHomeCell.swift in Sources */ = {isa = PBXBuildFile; fileRef = A37AE6332AB260AA00203451 /* TVCHomeCell.swift */; };
		A37AE6362AB260AA00203451 /* TVCHomeCell.xib in Resources */ = {isa = PBXBuildFile; fileRef = A37AE6342AB260AA00203451 /* TVCHomeCell.xib */; };
		A3ACA4CB2AB049F0007763AF /* AppDelegate.swift in Sources */ = {isa = PBXBuildFile; fileRef = A3ACA4CA2AB049F0007763AF /* AppDelegate.swift */; };
		A3ACA4D42AB049F2007763AF /* Assets.xcassets in Resources */ = {isa = PBXBuildFile; fileRef = A3ACA4D32AB049F2007763AF /* Assets.xcassets */; };
		A3ACA4D72AB049F2007763AF /* LaunchScreen.storyboard in Resources */ = {isa = PBXBuildFile; fileRef = A3ACA4D52AB049F2007763AF /* LaunchScreen.storyboard */; };
		A3ACA4E22AB049F2007763AF /* NewsAppTests.swift in Sources */ = {isa = PBXBuildFile; fileRef = A3ACA4E12AB049F2007763AF /* NewsAppTests.swift */; };
		A3ACA4EC2AB049F2007763AF /* NewsAppUITests.swift in Sources */ = {isa = PBXBuildFile; fileRef = A3ACA4EB2AB049F2007763AF /* NewsAppUITests.swift */; };
		A3ACA4EE2AB049F2007763AF /* NewsAppUITestsLaunchTests.swift in Sources */ = {isa = PBXBuildFile; fileRef = A3ACA4ED2AB049F2007763AF /* NewsAppUITestsLaunchTests.swift */; };
		A3D8F6C82AB50B3C0035F63B /* FilterList.swift in Sources */ = {isa = PBXBuildFile; fileRef = A3D8F6C72AB50B3C0035F63B /* FilterList.swift */; };
		A3E2775F2AB2ED1C00602E82 /* VCHomeDetail.swift in Sources */ = {isa = PBXBuildFile; fileRef = A3E2775D2AB2ED1C00602E82 /* VCHomeDetail.swift */; };
		A3E277602AB2ED1C00602E82 /* VCHomeDetail.xib in Resources */ = {isa = PBXBuildFile; fileRef = A3E2775E2AB2ED1C00602E82 /* VCHomeDetail.xib */; };
/* End PBXBuildFile section */

/* Begin PBXContainerItemProxy section */
		A3ACA4DE2AB049F2007763AF /* PBXContainerItemProxy */ = {
			isa = PBXContainerItemProxy;
			containerPortal = A3ACA4BF2AB049EF007763AF /* Project object */;
			proxyType = 1;
			remoteGlobalIDString = A3ACA4C62AB049EF007763AF;
			remoteInfo = NewsApp;
		};
		A3ACA4E82AB049F2007763AF /* PBXContainerItemProxy */ = {
			isa = PBXContainerItemProxy;
			containerPortal = A3ACA4BF2AB049EF007763AF /* Project object */;
			proxyType = 1;
			remoteGlobalIDString = A3ACA4C62AB049EF007763AF;
			remoteInfo = NewsApp;
		};
/* End PBXContainerItemProxy section */

/* Begin PBXFileReference section */
		18551C3467608A76F4CBA7B5 /* Pods-NewsAppTests.release.xcconfig */ = {isa = PBXFileReference; includeInIndex = 1; lastKnownFileType = text.xcconfig; name = "Pods-NewsAppTests.release.xcconfig"; path = "Target Support Files/Pods-NewsAppTests/Pods-NewsAppTests.release.xcconfig"; sourceTree = "<group>"; };
		2677B60CFFDB15DC6A0FDAAB /* Pods-NewsApp-NewsAppUITests.release.xcconfig */ = {isa = PBXFileReference; includeInIndex = 1; lastKnownFileType = text.xcconfig; name = "Pods-NewsApp-NewsAppUITests.release.xcconfig"; path = "Target Support Files/Pods-NewsApp-NewsAppUITests/Pods-NewsApp-NewsAppUITests.release.xcconfig"; sourceTree = "<group>"; };
		385BC4E851FDC2E3A5DB440A /* Pods_NewsApp.framework */ = {isa = PBXFileReference; explicitFileType = wrapper.framework; includeInIndex = 0; path = Pods_NewsApp.framework; sourceTree = BUILT_PRODUCTS_DIR; };
		54447C36A077824139CFCA59 /* Pods-NewsApp.release.xcconfig */ = {isa = PBXFileReference; includeInIndex = 1; lastKnownFileType = text.xcconfig; name = "Pods-NewsApp.release.xcconfig"; path = "Target Support Files/Pods-NewsApp/Pods-NewsApp.release.xcconfig"; sourceTree = "<group>"; };
		660304F7AC15739B633F4265 /* Pods_NewsAppTests.framework */ = {isa = PBXFileReference; explicitFileType = wrapper.framework; includeInIndex = 0; path = Pods_NewsAppTests.framework; sourceTree = BUILT_PRODUCTS_DIR; };
		99D947F09A1C8A7027937C0F /* Pods-NewsApp.debug.xcconfig */ = {isa = PBXFileReference; includeInIndex = 1; lastKnownFileType = text.xcconfig; name = "Pods-NewsApp.debug.xcconfig"; path = "Target Support Files/Pods-NewsApp/Pods-NewsApp.debug.xcconfig"; sourceTree = "<group>"; };
		A359C2C12AB16445001749EF /* NewsResponse.swift */ = {isa = PBXFileReference; lastKnownFileType = sourcecode.swift; path = NewsResponse.swift; sourceTree = "<group>"; };
		A359C2C62AB167B6001749EF /* GlobalFunctions.swift */ = {isa = PBXFileReference; lastKnownFileType = sourcecode.swift; path = GlobalFunctions.swift; sourceTree = "<group>"; };
		A359C2C82AB16DB9001749EF /* Extensions+UIView.swift */ = {isa = PBXFileReference; lastKnownFileType = sourcecode.swift; path = "Extensions+UIView.swift"; sourceTree = "<group>"; };
		A37AE62C2AB24BA700203451 /* VCHome.swift */ = {isa = PBXFileReference; lastKnownFileType = sourcecode.swift; path = VCHome.swift; sourceTree = "<group>"; };
		A37AE62D2AB24BA700203451 /* VCHome.xib */ = {isa = PBXFileReference; lastKnownFileType = file.xib; path = VCHome.xib; sourceTree = "<group>"; };
		A37AE6312AB258D700203451 /* Webservice.swift */ = {isa = PBXFileReference; lastKnownFileType = sourcecode.swift; path = Webservice.swift; sourceTree = "<group>"; };
		A37AE6332AB260AA00203451 /* TVCHomeCell.swift */ = {isa = PBXFileReference; lastKnownFileType = sourcecode.swift; path = TVCHomeCell.swift; sourceTree = "<group>"; };
		A37AE6342AB260AA00203451 /* TVCHomeCell.xib */ = {isa = PBXFileReference; lastKnownFileType = file.xib; path = TVCHomeCell.xib; sourceTree = "<group>"; };
		A3ACA4C72AB049F0007763AF /* NewsApp.app */ = {isa = PBXFileReference; explicitFileType = wrapper.application; includeInIndex = 0; path = NewsApp.app; sourceTree = BUILT_PRODUCTS_DIR; };
		A3ACA4CA2AB049F0007763AF /* AppDelegate.swift */ = {isa = PBXFileReference; lastKnownFileType = sourcecode.swift; path = AppDelegate.swift; sourceTree = "<group>"; };
		A3ACA4D32AB049F2007763AF /* Assets.xcassets */ = {isa = PBXFileReference; lastKnownFileType = folder.assetcatalog; path = Assets.xcassets; sourceTree = "<group>"; };
		A3ACA4D62AB049F2007763AF /* Base */ = {isa = PBXFileReference; lastKnownFileType = file.storyboard; name = Base; path = Base.lproj/LaunchScreen.storyboard; sourceTree = "<group>"; };
		A3ACA4D82AB049F2007763AF /* Info.plist */ = {isa = PBXFileReference; lastKnownFileType = text.plist.xml; path = Info.plist; sourceTree = "<group>"; };
		A3ACA4DD2AB049F2007763AF /* NewsAppTests.xctest */ = {isa = PBXFileReference; explicitFileType = wrapper.cfbundle; includeInIndex = 0; path = NewsAppTests.xctest; sourceTree = BUILT_PRODUCTS_DIR; };
		A3ACA4E12AB049F2007763AF /* NewsAppTests.swift */ = {isa = PBXFileReference; lastKnownFileType = sourcecode.swift; path = NewsAppTests.swift; sourceTree = "<group>"; };
		A3ACA4E72AB049F2007763AF /* NewsAppUITests.xctest */ = {isa = PBXFileReference; explicitFileType = wrapper.cfbundle; includeInIndex = 0; path = NewsAppUITests.xctest; sourceTree = BUILT_PRODUCTS_DIR; };
		A3ACA4EB2AB049F2007763AF /* NewsAppUITests.swift */ = {isa = PBXFileReference; lastKnownFileType = sourcecode.swift; path = NewsAppUITests.swift; sourceTree = "<group>"; };
		A3ACA4ED2AB049F2007763AF /* NewsAppUITestsLaunchTests.swift */ = {isa = PBXFileReference; lastKnownFileType = sourcecode.swift; path = NewsAppUITestsLaunchTests.swift; sourceTree = "<group>"; };
		A3D8F6C72AB50B3C0035F63B /* FilterList.swift */ = {isa = PBXFileReference; lastKnownFileType = sourcecode.swift; path = FilterList.swift; sourceTree = "<group>"; };
		A3E2775D2AB2ED1C00602E82 /* VCHomeDetail.swift */ = {isa = PBXFileReference; lastKnownFileType = sourcecode.swift; path = VCHomeDetail.swift; sourceTree = "<group>"; };
		A3E2775E2AB2ED1C00602E82 /* VCHomeDetail.xib */ = {isa = PBXFileReference; lastKnownFileType = file.xib; path = VCHomeDetail.xib; sourceTree = "<group>"; };
		DA7CD78E0CF2962C2643E29A /* Pods_NewsApp_NewsAppUITests.framework */ = {isa = PBXFileReference; explicitFileType = wrapper.framework; includeInIndex = 0; path = Pods_NewsApp_NewsAppUITests.framework; sourceTree = BUILT_PRODUCTS_DIR; };
		E5EA89F35379AF76018C0401 /* Pods-NewsApp-NewsAppUITests.debug.xcconfig */ = {isa = PBXFileReference; includeInIndex = 1; lastKnownFileType = text.xcconfig; name = "Pods-NewsApp-NewsAppUITests.debug.xcconfig"; path = "Target Support Files/Pods-NewsApp-NewsAppUITests/Pods-NewsApp-NewsAppUITests.debug.xcconfig"; sourceTree = "<group>"; };
		FAF4F399B89697056A443A09 /* Pods-NewsAppTests.debug.xcconfig */ = {isa = PBXFileReference; includeInIndex = 1; lastKnownFileType = text.xcconfig; name = "Pods-NewsAppTests.debug.xcconfig"; path = "Target Support Files/Pods-NewsAppTests/Pods-NewsAppTests.debug.xcconfig"; sourceTree = "<group>"; };
/* End PBXFileReference section */

/* Begin PBXFrameworksBuildPhase section */
		A3ACA4C42AB049EF007763AF /* Frameworks */ = {
			isa = PBXFrameworksBuildPhase;
			buildActionMask = 2147483647;
			files = (
				82A4D4750B1E992CD5A7832C /* Pods_NewsApp.framework in Frameworks */,
			);
			runOnlyForDeploymentPostprocessing = 0;
		};
		A3ACA4DA2AB049F2007763AF /* Frameworks */ = {
			isa = PBXFrameworksBuildPhase;
			buildActionMask = 2147483647;
			files = (
				01C56102A6601DBF076C72B9 /* Pods_NewsAppTests.framework in Frameworks */,
			);
			runOnlyForDeploymentPostprocessing = 0;
		};
		A3ACA4E42AB049F2007763AF /* Frameworks */ = {
			isa = PBXFrameworksBuildPhase;
			buildActionMask = 2147483647;
			files = (
				7AF0687F38CB961CB48EF4E3 /* Pods_NewsApp_NewsAppUITests.framework in Frameworks */,
			);
			runOnlyForDeploymentPostprocessing = 0;
		};
/* End PBXFrameworksBuildPhase section */

/* Begin PBXGroup section */
		75BD0060CB57CB8882ED06BB /* Frameworks */ = {
			isa = PBXGroup;
			children = (
				385BC4E851FDC2E3A5DB440A /* Pods_NewsApp.framework */,
				DA7CD78E0CF2962C2643E29A /* Pods_NewsApp_NewsAppUITests.framework */,
				660304F7AC15739B633F4265 /* Pods_NewsAppTests.framework */,
			);
			name = Frameworks;
			sourceTree = "<group>";
		};
		A359C2BE2AB163D3001749EF /* Models */ = {
			isa = PBXGroup;
			children = (
				A359C2C12AB16445001749EF /* NewsResponse.swift */,
			);
			path = Models;
			sourceTree = "<group>";
		};
		A359C2BF2AB163EF001749EF /* Views */ = {
			isa = PBXGroup;
			children = (
				A37AE62D2AB24BA700203451 /* VCHome.xib */,
				A3E2775E2AB2ED1C00602E82 /* VCHomeDetail.xib */,
			);
			path = Views;
			sourceTree = "<group>";
		};
		A359C2C02AB163F5001749EF /* Controllers */ = {
			isa = PBXGroup;
			children = (
				A3E2775D2AB2ED1C00602E82 /* VCHomeDetail.swift */,
				A37AE62C2AB24BA700203451 /* VCHome.swift */,
				A3D8F6C72AB50B3C0035F63B /* FilterList.swift */,
			);
			path = Controllers;
			sourceTree = "<group>";
		};
		A359C2C52AB16797001749EF /* Generics */ = {
			isa = PBXGroup;
			children = (
				A359C2C62AB167B6001749EF /* GlobalFunctions.swift */,
				A359C2C82AB16DB9001749EF /* Extensions+UIView.swift */,
			);
			path = Generics;
			sourceTree = "<group>";
		};
		A37AE6252AB2463100203451 /* Webservice */ = {
			isa = PBXGroup;
			children = (
				A37AE6312AB258D700203451 /* Webservice.swift */,
			);
			path = Webservice;
			sourceTree = "<group>";
		};
		A37AE6302AB2573600203451 /* Cells */ = {
			isa = PBXGroup;
			children = (
				A37AE6332AB260AA00203451 /* TVCHomeCell.swift */,
				A37AE6342AB260AA00203451 /* TVCHomeCell.xib */,
			);
			path = Cells;
			sourceTree = "<group>";
		};
		A3ACA4BE2AB049EF007763AF = {
			isa = PBXGroup;
			children = (
				A3ACA4C92AB049F0007763AF /* NewsApp */,
				A3ACA4E02AB049F2007763AF /* NewsAppTests */,
				A3ACA4EA2AB049F2007763AF /* NewsAppUITests */,
				A3ACA4C82AB049F0007763AF /* Products */,
				AD87B5514AC91676EAF343E3 /* Pods */,
				75BD0060CB57CB8882ED06BB /* Frameworks */,
			);
			sourceTree = "<group>";
		};
		A3ACA4C82AB049F0007763AF /* Products */ = {
			isa = PBXGroup;
			children = (
				A3ACA4C72AB049F0007763AF /* NewsApp.app */,
				A3ACA4DD2AB049F2007763AF /* NewsAppTests.xctest */,
				A3ACA4E72AB049F2007763AF /* NewsAppUITests.xctest */,
			);
			name = Products;
			sourceTree = "<group>";
		};
		A3ACA4C92AB049F0007763AF /* NewsApp */ = {
			isa = PBXGroup;
			children = (
				A37AE6302AB2573600203451 /* Cells */,
				A37AE6252AB2463100203451 /* Webservice */,
				A359C2C52AB16797001749EF /* Generics */,
				A359C2C02AB163F5001749EF /* Controllers */,
				A359C2BF2AB163EF001749EF /* Views */,
				A359C2BE2AB163D3001749EF /* Models */,
				A3ACA4CA2AB049F0007763AF /* AppDelegate.swift */,
				A3ACA4D32AB049F2007763AF /* Assets.xcassets */,
				A3ACA4D52AB049F2007763AF /* LaunchScreen.storyboard */,
				A3ACA4D82AB049F2007763AF /* Info.plist */,
			);
			path = NewsApp;
			sourceTree = "<group>";
		};
		A3ACA4E02AB049F2007763AF /* NewsAppTests */ = {
			isa = PBXGroup;
			children = (
				A3ACA4E12AB049F2007763AF /* NewsAppTests.swift */,
			);
			path = NewsAppTests;
			sourceTree = "<group>";
		};
		A3ACA4EA2AB049F2007763AF /* NewsAppUITests */ = {
			isa = PBXGroup;
			children = (
				A3ACA4EB2AB049F2007763AF /* NewsAppUITests.swift */,
				A3ACA4ED2AB049F2007763AF /* NewsAppUITestsLaunchTests.swift */,
			);
			path = NewsAppUITests;
			sourceTree = "<group>";
		};
		AD87B5514AC91676EAF343E3 /* Pods */ = {
			isa = PBXGroup;
			children = (
				99D947F09A1C8A7027937C0F /* Pods-NewsApp.debug.xcconfig */,
				54447C36A077824139CFCA59 /* Pods-NewsApp.release.xcconfig */,
				E5EA89F35379AF76018C0401 /* Pods-NewsApp-NewsAppUITests.debug.xcconfig */,
				2677B60CFFDB15DC6A0FDAAB /* Pods-NewsApp-NewsAppUITests.release.xcconfig */,
				FAF4F399B89697056A443A09 /* Pods-NewsAppTests.debug.xcconfig */,
				18551C3467608A76F4CBA7B5 /* Pods-NewsAppTests.release.xcconfig */,
			);
			path = Pods;
			sourceTree = "<group>";
		};
/* End PBXGroup section */

/* Begin PBXNativeTarget section */
		A3ACA4C62AB049EF007763AF /* NewsApp */ = {
			isa = PBXNativeTarget;
			buildConfigurationList = A3ACA4F12AB049F2007763AF /* Build configuration list for PBXNativeTarget "NewsApp" */;
			buildPhases = (
				5A1913BE3A26839303DB413B /* [CP] Check Pods Manifest.lock */,
				A3ACA4C32AB049EF007763AF /* Sources */,
				A3ACA4C42AB049EF007763AF /* Frameworks */,
				A3ACA4C52AB049EF007763AF /* Resources */,
				ACC5B7E3D019FEEB394AE1EC /* [CP] Embed Pods Frameworks */,
			);
			buildRules = (
			);
			dependencies = (
			);
			name = NewsApp;
			productName = NewsApp;
			productReference = A3ACA4C72AB049F0007763AF /* NewsApp.app */;
			productType = "com.apple.product-type.application";
		};
		A3ACA4DC2AB049F2007763AF /* NewsAppTests */ = {
			isa = PBXNativeTarget;
			buildConfigurationList = A3ACA4F42AB049F2007763AF /* Build configuration list for PBXNativeTarget "NewsAppTests" */;
			buildPhases = (
				ABB233F6789344FC74902621 /* [CP] Check Pods Manifest.lock */,
				A3ACA4D92AB049F2007763AF /* Sources */,
				A3ACA4DA2AB049F2007763AF /* Frameworks */,
				A3ACA4DB2AB049F2007763AF /* Resources */,
			);
			buildRules = (
			);
			dependencies = (
				A3ACA4DF2AB049F2007763AF /* PBXTargetDependency */,
			);
			name = NewsAppTests;
			productName = NewsAppTests;
			productReference = A3ACA4DD2AB049F2007763AF /* NewsAppTests.xctest */;
			productType = "com.apple.product-type.bundle.unit-test";
		};
		A3ACA4E62AB049F2007763AF /* NewsAppUITests */ = {
			isa = PBXNativeTarget;
			buildConfigurationList = A3ACA4F72AB049F2007763AF /* Build configuration list for PBXNativeTarget "NewsAppUITests" */;
			buildPhases = (
				72E54828B5EAFAB3C85F8AC5 /* [CP] Check Pods Manifest.lock */,
				A3ACA4E32AB049F2007763AF /* Sources */,
				A3ACA4E42AB049F2007763AF /* Frameworks */,
				A3ACA4E52AB049F2007763AF /* Resources */,
				088386474CC42C76503F7D87 /* [CP] Embed Pods Frameworks */,
			);
			buildRules = (
			);
			dependencies = (
				A3ACA4E92AB049F2007763AF /* PBXTargetDependency */,
			);
			name = NewsAppUITests;
			productName = NewsAppUITests;
			productReference = A3ACA4E72AB049F2007763AF /* NewsAppUITests.xctest */;
			productType = "com.apple.product-type.bundle.ui-testing";
		};
/* End PBXNativeTarget section */

/* Begin PBXProject section */
		A3ACA4BF2AB049EF007763AF /* Project object */ = {
			isa = PBXProject;
			attributes = {
				BuildIndependentTargetsInParallel = 1;
				LastSwiftUpdateCheck = 1430;
				LastUpgradeCheck = 1430;
				TargetAttributes = {
					A3ACA4C62AB049EF007763AF = {
						CreatedOnToolsVersion = 14.3.1;
					};
					A3ACA4DC2AB049F2007763AF = {
						CreatedOnToolsVersion = 14.3.1;
						TestTargetID = A3ACA4C62AB049EF007763AF;
					};
					A3ACA4E62AB049F2007763AF = {
						CreatedOnToolsVersion = 14.3.1;
						TestTargetID = A3ACA4C62AB049EF007763AF;
					};
				};
			};
			buildConfigurationList = A3ACA4C22AB049EF007763AF /* Build configuration list for PBXProject "NewsApp" */;
			compatibilityVersion = "Xcode 14.0";
			developmentRegion = en;
			hasScannedForEncodings = 0;
			knownRegions = (
				en,
				Base,
			);
			mainGroup = A3ACA4BE2AB049EF007763AF;
			productRefGroup = A3ACA4C82AB049F0007763AF /* Products */;
			projectDirPath = "";
			projectRoot = "";
			targets = (
				A3ACA4C62AB049EF007763AF /* NewsApp */,
				A3ACA4DC2AB049F2007763AF /* NewsAppTests */,
				A3ACA4E62AB049F2007763AF /* NewsAppUITests */,
			);
		};
/* End PBXProject section */

/* Begin PBXResourcesBuildPhase section */
		A3ACA4C52AB049EF007763AF /* Resources */ = {
			isa = PBXResourcesBuildPhase;
			buildActionMask = 2147483647;
			files = (
				A3ACA4D72AB049F2007763AF /* LaunchScreen.storyboard in Resources */,
				A3E277602AB2ED1C00602E82 /* VCHomeDetail.xib in Resources */,
				A37AE62F2AB24BA700203451 /* VCHome.xib in Resources */,
				A37AE6362AB260AA00203451 /* TVCHomeCell.xib in Resources */,
				A3ACA4D42AB049F2007763AF /* Assets.xcassets in Resources */,
			);
			runOnlyForDeploymentPostprocessing = 0;
		};
		A3ACA4DB2AB049F2007763AF /* Resources */ = {
			isa = PBXResourcesBuildPhase;
			buildActionMask = 2147483647;
			files = (
			);
			runOnlyForDeploymentPostprocessing = 0;
		};
		A3ACA4E52AB049F2007763AF /* Resources */ = {
			isa = PBXResourcesBuildPhase;
			buildActionMask = 2147483647;
			files = (
			);
			runOnlyForDeploymentPostprocessing = 0;
		};
/* End PBXResourcesBuildPhase section */

/* Begin PBXShellScriptBuildPhase section */
		088386474CC42C76503F7D87 /* [CP] Embed Pods Frameworks */ = {
			isa = PBXShellScriptBuildPhase;
			buildActionMask = 2147483647;
			files = (
			);
			inputFileListPaths = (
				"${PODS_ROOT}/Target Support Files/Pods-NewsApp-NewsAppUITests/Pods-NewsApp-NewsAppUITests-frameworks-${CONFIGURATION}-input-files.xcfilelist",
			);
			name = "[CP] Embed Pods Frameworks";
			outputFileListPaths = (
				"${PODS_ROOT}/Target Support Files/Pods-NewsApp-NewsAppUITests/Pods-NewsApp-NewsAppUITests-frameworks-${CONFIGURATION}-output-files.xcfilelist",
			);
			runOnlyForDeploymentPostprocessing = 0;
			shellPath = /bin/sh;
			shellScript = "\"${PODS_ROOT}/Target Support Files/Pods-NewsApp-NewsAppUITests/Pods-NewsApp-NewsAppUITests-frameworks.sh\"\n";
			showEnvVarsInLog = 0;
		};
		5A1913BE3A26839303DB413B /* [CP] Check Pods Manifest.lock */ = {
			isa = PBXShellScriptBuildPhase;
			buildActionMask = 2147483647;
			files = (
			);
			inputFileListPaths = (
			);
			inputPaths = (
				"${PODS_PODFILE_DIR_PATH}/Podfile.lock",
				"${PODS_ROOT}/Manifest.lock",
			);
			name = "[CP] Check Pods Manifest.lock";
			outputFileListPaths = (
			);
			outputPaths = (
				"$(DERIVED_FILE_DIR)/Pods-NewsApp-checkManifestLockResult.txt",
			);
			runOnlyForDeploymentPostprocessing = 0;
			shellPath = /bin/sh;
			shellScript = "diff \"${PODS_PODFILE_DIR_PATH}/Podfile.lock\" \"${PODS_ROOT}/Manifest.lock\" > /dev/null\nif [ $? != 0 ] ; then\n    # print error to STDERR\n    echo \"error: The sandbox is not in sync with the Podfile.lock. Run 'pod install' or update your CocoaPods installation.\" >&2\n    exit 1\nfi\n# This output is used by Xcode 'outputs' to avoid re-running this script phase.\necho \"SUCCESS\" > \"${SCRIPT_OUTPUT_FILE_0}\"\n";
			showEnvVarsInLog = 0;
		};
		72E54828B5EAFAB3C85F8AC5 /* [CP] Check Pods Manifest.lock */ = {
			isa = PBXShellScriptBuildPhase;
			buildActionMask = 2147483647;
			files = (
			);
			inputFileListPaths = (
			);
			inputPaths = (
				"${PODS_PODFILE_DIR_PATH}/Podfile.lock",
				"${PODS_ROOT}/Manifest.lock",
			);
			name = "[CP] Check Pods Manifest.lock";
			outputFileListPaths = (
			);
			outputPaths = (
				"$(DERIVED_FILE_DIR)/Pods-NewsApp-NewsAppUITests-checkManifestLockResult.txt",
			);
			runOnlyForDeploymentPostprocessing = 0;
			shellPath = /bin/sh;
			shellScript = "diff \"${PODS_PODFILE_DIR_PATH}/Podfile.lock\" \"${PODS_ROOT}/Manifest.lock\" > /dev/null\nif [ $? != 0 ] ; then\n    # print error to STDERR\n    echo \"error: The sandbox is not in sync with the Podfile.lock. Run 'pod install' or update your CocoaPods installation.\" >&2\n    exit 1\nfi\n# This output is used by Xcode 'outputs' to avoid re-running this script phase.\necho \"SUCCESS\" > \"${SCRIPT_OUTPUT_FILE_0}\"\n";
			showEnvVarsInLog = 0;
		};
		ABB233F6789344FC74902621 /* [CP] Check Pods Manifest.lock */ = {
			isa = PBXShellScriptBuildPhase;
			buildActionMask = 2147483647;
			files = (
			);
			inputFileListPaths = (
			);
			inputPaths = (
				"${PODS_PODFILE_DIR_PATH}/Podfile.lock",
				"${PODS_ROOT}/Manifest.lock",
			);
			name = "[CP] Check Pods Manifest.lock";
			outputFileListPaths = (
			);
			outputPaths = (
				"$(DERIVED_FILE_DIR)/Pods-NewsAppTests-checkManifestLockResult.txt",
			);
			runOnlyForDeploymentPostprocessing = 0;
			shellPath = /bin/sh;
			shellScript = "diff \"${PODS_PODFILE_DIR_PATH}/Podfile.lock\" \"${PODS_ROOT}/Manifest.lock\" > /dev/null\nif [ $? != 0 ] ; then\n    # print error to STDERR\n    echo \"error: The sandbox is not in sync with the Podfile.lock. Run 'pod install' or update your CocoaPods installation.\" >&2\n    exit 1\nfi\n# This output is used by Xcode 'outputs' to avoid re-running this script phase.\necho \"SUCCESS\" > \"${SCRIPT_OUTPUT_FILE_0}\"\n";
			showEnvVarsInLog = 0;
		};
		ACC5B7E3D019FEEB394AE1EC /* [CP] Embed Pods Frameworks */ = {
			isa = PBXShellScriptBuildPhase;
			buildActionMask = 2147483647;
			files = (
			);
			inputFileListPaths = (
				"${PODS_ROOT}/Target Support Files/Pods-NewsApp/Pods-NewsApp-frameworks-${CONFIGURATION}-input-files.xcfilelist",
			);
			name = "[CP] Embed Pods Frameworks";
			outputFileListPaths = (
				"${PODS_ROOT}/Target Support Files/Pods-NewsApp/Pods-NewsApp-frameworks-${CONFIGURATION}-output-files.xcfilelist",
			);
			runOnlyForDeploymentPostprocessing = 0;
			shellPath = /bin/sh;
			shellScript = "\"${PODS_ROOT}/Target Support Files/Pods-NewsApp/Pods-NewsApp-frameworks.sh\"\n";
			showEnvVarsInLog = 0;
		};
/* End PBXShellScriptBuildPhase section */

/* Begin PBXSourcesBuildPhase section */
		A3ACA4C32AB049EF007763AF /* Sources */ = {
			isa = PBXSourcesBuildPhase;
			buildActionMask = 2147483647;
			files = (
				A359C2C92AB16DB9001749EF /* Extensions+UIView.swift in Sources */,
				A37AE6322AB258D700203451 /* Webservice.swift in Sources */,
				A3E2775F2AB2ED1C00602E82 /* VCHomeDetail.swift in Sources */,
				A37AE6352AB260AA00203451 /* TVCHomeCell.swift in Sources */,
				A37AE62E2AB24BA700203451 /* VCHome.swift in Sources */,
				A3D8F6C82AB50B3C0035F63B /* FilterList.swift in Sources */,
				A359C2C22AB16445001749EF /* NewsResponse.swift in Sources */,
				A359C2C72AB167B6001749EF /* GlobalFunctions.swift in Sources */,
				A3ACA4CB2AB049F0007763AF /* AppDelegate.swift in Sources */,
			);
			runOnlyForDeploymentPostprocessing = 0;
		};
		A3ACA4D92AB049F2007763AF /* Sources */ = {
			isa = PBXSourcesBuildPhase;
			buildActionMask = 2147483647;
			files = (
				A3ACA4E22AB049F2007763AF /* NewsAppTests.swift in Sources */,
			);
			runOnlyForDeploymentPostprocessing = 0;
		};
		A3ACA4E32AB049F2007763AF /* Sources */ = {
			isa = PBXSourcesBuildPhase;
			buildActionMask = 2147483647;
			files = (
				A3ACA4EC2AB049F2007763AF /* NewsAppUITests.swift in Sources */,
				A3ACA4EE2AB049F2007763AF /* NewsAppUITestsLaunchTests.swift in Sources */,
			);
			runOnlyForDeploymentPostprocessing = 0;
		};
/* End PBXSourcesBuildPhase section */

/* Begin PBXTargetDependency section */
		A3ACA4DF2AB049F2007763AF /* PBXTargetDependency */ = {
			isa = PBXTargetDependency;
			target = A3ACA4C62AB049EF007763AF /* NewsApp */;
			targetProxy = A3ACA4DE2AB049F2007763AF /* PBXContainerItemProxy */;
		};
		A3ACA4E92AB049F2007763AF /* PBXTargetDependency */ = {
			isa = PBXTargetDependency;
			target = A3ACA4C62AB049EF007763AF /* NewsApp */;
			targetProxy = A3ACA4E82AB049F2007763AF /* PBXContainerItemProxy */;
		};
/* End PBXTargetDependency section */

/* Begin PBXVariantGroup section */
		A3ACA4D52AB049F2007763AF /* LaunchScreen.storyboard */ = {
			isa = PBXVariantGroup;
			children = (
				A3ACA4D62AB049F2007763AF /* Base */,
			);
			name = LaunchScreen.storyboard;
			sourceTree = "<group>";
		};
/* End PBXVariantGroup section */

/* Begin XCBuildConfiguration section */
		A3ACA4EF2AB049F2007763AF /* Debug */ = {
			isa = XCBuildConfiguration;
			buildSettings = {
				ALWAYS_SEARCH_USER_PATHS = NO;
				CLANG_ANALYZER_NONNULL = YES;
				CLANG_ANALYZER_NUMBER_OBJECT_CONVERSION = YES_AGGRESSIVE;
				CLANG_CXX_LANGUAGE_STANDARD = "gnu++20";
				CLANG_ENABLE_MODULES = YES;
				CLANG_ENABLE_OBJC_ARC = YES;
				CLANG_ENABLE_OBJC_WEAK = YES;
				CLANG_WARN_BLOCK_CAPTURE_AUTORELEASING = YES;
				CLANG_WARN_BOOL_CONVERSION = YES;
				CLANG_WARN_COMMA = YES;
				CLANG_WARN_CONSTANT_CONVERSION = YES;
				CLANG_WARN_DEPRECATED_OBJC_IMPLEMENTATIONS = YES;
				CLANG_WARN_DIRECT_OBJC_ISA_USAGE = YES_ERROR;
				CLANG_WARN_DOCUMENTATION_COMMENTS = YES;
				CLANG_WARN_EMPTY_BODY = YES;
				CLANG_WARN_ENUM_CONVERSION = YES;
				CLANG_WARN_INFINITE_RECURSION = YES;
				CLANG_WARN_INT_CONVERSION = YES;
				CLANG_WARN_NON_LITERAL_NULL_CONVERSION = YES;
				CLANG_WARN_OBJC_IMPLICIT_RETAIN_SELF = YES;
				CLANG_WARN_OBJC_LITERAL_CONVERSION = YES;
				CLANG_WARN_OBJC_ROOT_CLASS = YES_ERROR;
				CLANG_WARN_QUOTED_INCLUDE_IN_FRAMEWORK_HEADER = YES;
				CLANG_WARN_RANGE_LOOP_ANALYSIS = YES;
				CLANG_WARN_STRICT_PROTOTYPES = YES;
				CLANG_WARN_SUSPICIOUS_MOVE = YES;
				CLANG_WARN_UNGUARDED_AVAILABILITY = YES_AGGRESSIVE;
				CLANG_WARN_UNREACHABLE_CODE = YES;
				CLANG_WARN__DUPLICATE_METHOD_MATCH = YES;
				COPY_PHASE_STRIP = NO;
				DEBUG_INFORMATION_FORMAT = dwarf;
				ENABLE_STRICT_OBJC_MSGSEND = YES;
				ENABLE_TESTABILITY = YES;
				GCC_C_LANGUAGE_STANDARD = gnu11;
				GCC_DYNAMIC_NO_PIC = NO;
				GCC_NO_COMMON_BLOCKS = YES;
				GCC_OPTIMIZATION_LEVEL = 0;
				GCC_PREPROCESSOR_DEFINITIONS = (
					"DEBUG=1",
					"$(inherited)",
				);
				GCC_WARN_64_TO_32_BIT_CONVERSION = YES;
				GCC_WARN_ABOUT_RETURN_TYPE = YES_ERROR;
				GCC_WARN_UNDECLARED_SELECTOR = YES;
				GCC_WARN_UNINITIALIZED_AUTOS = YES_AGGRESSIVE;
				GCC_WARN_UNUSED_FUNCTION = YES;
				GCC_WARN_UNUSED_VARIABLE = YES;
				IPHONEOS_DEPLOYMENT_TARGET = 16.4;
				MTL_ENABLE_DEBUG_INFO = INCLUDE_SOURCE;
				MTL_FAST_MATH = YES;
				ONLY_ACTIVE_ARCH = YES;
				SDKROOT = iphoneos;
				SWIFT_ACTIVE_COMPILATION_CONDITIONS = DEBUG;
				SWIFT_OPTIMIZATION_LEVEL = "-Onone";
			};
			name = Debug;
		};
		A3ACA4F02AB049F2007763AF /* Release */ = {
			isa = XCBuildConfiguration;
			buildSettings = {
				ALWAYS_SEARCH_USER_PATHS = NO;
				CLANG_ANALYZER_NONNULL = YES;
				CLANG_ANALYZER_NUMBER_OBJECT_CONVERSION = YES_AGGRESSIVE;
				CLANG_CXX_LANGUAGE_STANDARD = "gnu++20";
				CLANG_ENABLE_MODULES = YES;
				CLANG_ENABLE_OBJC_ARC = YES;
				CLANG_ENABLE_OBJC_WEAK = YES;
				CLANG_WARN_BLOCK_CAPTURE_AUTORELEASING = YES;
				CLANG_WARN_BOOL_CONVERSION = YES;
				CLANG_WARN_COMMA = YES;
				CLANG_WARN_CONSTANT_CONVERSION = YES;
				CLANG_WARN_DEPRECATED_OBJC_IMPLEMENTATIONS = YES;
				CLANG_WARN_DIRECT_OBJC_ISA_USAGE = YES_ERROR;
				CLANG_WARN_DOCUMENTATION_COMMENTS = YES;
				CLANG_WARN_EMPTY_BODY = YES;
				CLANG_WARN_ENUM_CONVERSION = YES;
				CLANG_WARN_INFINITE_RECURSION = YES;
				CLANG_WARN_INT_CONVERSION = YES;
				CLANG_WARN_NON_LITERAL_NULL_CONVERSION = YES;
				CLANG_WARN_OBJC_IMPLICIT_RETAIN_SELF = YES;
				CLANG_WARN_OBJC_LITERAL_CONVERSION = YES;
				CLANG_WARN_OBJC_ROOT_CLASS = YES_ERROR;
				CLANG_WARN_QUOTED_INCLUDE_IN_FRAMEWORK_HEADER = YES;
				CLANG_WARN_RANGE_LOOP_ANALYSIS = YES;
				CLANG_WARN_STRICT_PROTOTYPES = YES;
				CLANG_WARN_SUSPICIOUS_MOVE = YES;
				CLANG_WARN_UNGUARDED_AVAILABILITY = YES_AGGRESSIVE;
				CLANG_WARN_UNREACHABLE_CODE = YES;
				CLANG_WARN__DUPLICATE_METHOD_MATCH = YES;
				COPY_PHASE_STRIP = NO;
				DEBUG_INFORMATION_FORMAT = "dwarf-with-dsym";
				ENABLE_NS_ASSERTIONS = NO;
				ENABLE_STRICT_OBJC_MSGSEND = YES;
				GCC_C_LANGUAGE_STANDARD = gnu11;
				GCC_NO_COMMON_BLOCKS = YES;
				GCC_WARN_64_TO_32_BIT_CONVERSION = YES;
				GCC_WARN_ABOUT_RETURN_TYPE = YES_ERROR;
				GCC_WARN_UNDECLARED_SELECTOR = YES;
				GCC_WARN_UNINITIALIZED_AUTOS = YES_AGGRESSIVE;
				GCC_WARN_UNUSED_FUNCTION = YES;
				GCC_WARN_UNUSED_VARIABLE = YES;
				IPHONEOS_DEPLOYMENT_TARGET = 16.4;
				MTL_ENABLE_DEBUG_INFO = NO;
				MTL_FAST_MATH = YES;
				SDKROOT = iphoneos;
				SWIFT_COMPILATION_MODE = wholemodule;
				SWIFT_OPTIMIZATION_LEVEL = "-O";
				VALIDATE_PRODUCT = YES;
			};
			name = Release;
		};
		A3ACA4F22AB049F2007763AF /* Debug */ = {
			isa = XCBuildConfiguration;
			baseConfigurationReference = 99D947F09A1C8A7027937C0F /* Pods-NewsApp.debug.xcconfig */;
			buildSettings = {
				ASSETCATALOG_COMPILER_APPICON_NAME = AppIcon;
				ASSETCATALOG_COMPILER_GLOBAL_ACCENT_COLOR_NAME = AccentColor;
				CODE_SIGN_STYLE = Automatic;
				CURRENT_PROJECT_VERSION = 1;
				DEVELOPMENT_TEAM = LA364UW5T3;
				GENERATE_INFOPLIST_FILE = YES;
				INFOPLIST_FILE = NewsApp/Info.plist;
				INFOPLIST_KEY_UIApplicationSupportsIndirectInputEvents = YES;
				INFOPLIST_KEY_UILaunchStoryboardName = LaunchScreen;
				INFOPLIST_KEY_UISupportedInterfaceOrientations = "UIInterfaceOrientationPortrait UIInterfaceOrientationPortraitUpsideDown";
				INFOPLIST_KEY_UISupportedInterfaceOrientations_iPad = UIInterfaceOrientationPortrait;
				IPHONEOS_DEPLOYMENT_TARGET = 13.5;
				LD_RUNPATH_SEARCH_PATHS = (
					"$(inherited)",
					"@executable_path/Frameworks",
				);
				MARKETING_VERSION = 1.0;
				PRODUCT_BUNDLE_IDENTIFIER = com.lijo.joy.NewsApp;
				PRODUCT_NAME = "$(TARGET_NAME)";
				SWIFT_EMIT_LOC_STRINGS = YES;
				SWIFT_VERSION = 5.0;
				TARGETED_DEVICE_FAMILY = "1,2";
			};
			name = Debug;
		};
		A3ACA4F32AB049F2007763AF /* Release */ = {
			isa = XCBuildConfiguration;
			baseConfigurationReference = 54447C36A077824139CFCA59 /* Pods-NewsApp.release.xcconfig */;
			buildSettings = {
				ASSETCATALOG_COMPILER_APPICON_NAME = AppIcon;
				ASSETCATALOG_COMPILER_GLOBAL_ACCENT_COLOR_NAME = AccentColor;
				CODE_SIGN_STYLE = Automatic;
				CURRENT_PROJECT_VERSION = 1;
				DEVELOPMENT_TEAM = LA364UW5T3;
				GENERATE_INFOPLIST_FILE = YES;
				INFOPLIST_FILE = NewsApp/Info.plist;
				INFOPLIST_KEY_UIApplicationSupportsIndirectInputEvents = YES;
				INFOPLIST_KEY_UILaunchStoryboardName = LaunchScreen;
				INFOPLIST_KEY_UISupportedInterfaceOrientations = "UIInterfaceOrientationPortrait UIInterfaceOrientationPortraitUpsideDown";
				INFOPLIST_KEY_UISupportedInterfaceOrientations_iPad = UIInterfaceOrientationPortrait;
				IPHONEOS_DEPLOYMENT_TARGET = 13.5;
				LD_RUNPATH_SEARCH_PATHS = (
					"$(inherited)",
					"@executable_path/Frameworks",
				);
				MARKETING_VERSION = 1.0;
				PRODUCT_BUNDLE_IDENTIFIER = com.lijo.joy.NewsApp;
				PRODUCT_NAME = "$(TARGET_NAME)";
				SWIFT_EMIT_LOC_STRINGS = YES;
				SWIFT_VERSION = 5.0;
				TARGETED_DEVICE_FAMILY = "1,2";
			};
			name = Release;
		};
		A3ACA4F52AB049F2007763AF /* Debug */ = {
			isa = XCBuildConfiguration;
			baseConfigurationReference = FAF4F399B89697056A443A09 /* Pods-NewsAppTests.debug.xcconfig */;
			buildSettings = {
				ALWAYS_EMBED_SWIFT_STANDARD_LIBRARIES = YES;
				BUNDLE_LOADER = "$(TEST_HOST)";
				CODE_SIGN_STYLE = Automatic;
				CURRENT_PROJECT_VERSION = 1;
				DEVELOPMENT_TEAM = LA364UW5T3;
				GENERATE_INFOPLIST_FILE = YES;
				IPHONEOS_DEPLOYMENT_TARGET = 16.4;
				MARKETING_VERSION = 1.0;
				PRODUCT_BUNDLE_IDENTIFIER = com.lijo.joy.NewsAppTests;
				PRODUCT_NAME = "$(TARGET_NAME)";
				SWIFT_EMIT_LOC_STRINGS = NO;
				SWIFT_VERSION = 5.0;
				TARGETED_DEVICE_FAMILY = "1,2";
				TEST_HOST = "$(BUILT_PRODUCTS_DIR)/NewsApp.app/$(BUNDLE_EXECUTABLE_FOLDER_PATH)/NewsApp";
			};
			name = Debug;
		};
		A3ACA4F62AB049F2007763AF /* Release */ = {
			isa = XCBuildConfiguration;
			baseConfigurationReference = 18551C3467608A76F4CBA7B5 /* Pods-NewsAppTests.release.xcconfig */;
			buildSettings = {
				ALWAYS_EMBED_SWIFT_STANDARD_LIBRARIES = YES;
				BUNDLE_LOADER = "$(TEST_HOST)";
				CODE_SIGN_STYLE = Automatic;
				CURRENT_PROJECT_VERSION = 1;
				DEVELOPMENT_TEAM = LA364UW5T3;
				GENERATE_INFOPLIST_FILE = YES;
				IPHONEOS_DEPLOYMENT_TARGET = 16.4;
				MARKETING_VERSION = 1.0;
				PRODUCT_BUNDLE_IDENTIFIER = com.lijo.joy.NewsAppTests;
				PRODUCT_NAME = "$(TARGET_NAME)";
				SWIFT_EMIT_LOC_STRINGS = NO;
				SWIFT_VERSION = 5.0;
				TARGETED_DEVICE_FAMILY = "1,2";
				TEST_HOST = "$(BUILT_PRODUCTS_DIR)/NewsApp.app/$(BUNDLE_EXECUTABLE_FOLDER_PATH)/NewsApp";
			};
			name = Release;
		};
		A3ACA4F82AB049F2007763AF /* Debug */ = {
			isa = XCBuildConfiguration;
			baseConfigurationReference = E5EA89F35379AF76018C0401 /* Pods-NewsApp-NewsAppUITests.debug.xcconfig */;
			buildSettings = {
				ALWAYS_EMBED_SWIFT_STANDARD_LIBRARIES = YES;
				CODE_SIGN_STYLE = Automatic;
				CURRENT_PROJECT_VERSION = 1;
				DEVELOPMENT_TEAM = LA364UW5T3;
				GENERATE_INFOPLIST_FILE = YES;
				MARKETING_VERSION = 1.0;
				PRODUCT_BUNDLE_IDENTIFIER = com.lijo.joy.NewsAppUITests;
				PRODUCT_NAME = "$(TARGET_NAME)";
				SWIFT_EMIT_LOC_STRINGS = NO;
				SWIFT_VERSION = 5.0;
				TARGETED_DEVICE_FAMILY = "1,2";
				TEST_TARGET_NAME = NewsApp;
			};
			name = Debug;
		};
		A3ACA4F92AB049F2007763AF /* Release */ = {
			isa = XCBuildConfiguration;
			baseConfigurationReference = 2677B60CFFDB15DC6A0FDAAB /* Pods-NewsApp-NewsAppUITests.release.xcconfig */;
			buildSettings = {
				ALWAYS_EMBED_SWIFT_STANDARD_LIBRARIES = YES;
				CODE_SIGN_STYLE = Automatic;
				CURRENT_PROJECT_VERSION = 1;
				DEVELOPMENT_TEAM = LA364UW5T3;
				GENERATE_INFOPLIST_FILE = YES;
				MARKETING_VERSION = 1.0;
				PRODUCT_BUNDLE_IDENTIFIER = com.lijo.joy.NewsAppUITests;
				PRODUCT_NAME = "$(TARGET_NAME)";
				SWIFT_EMIT_LOC_STRINGS = NO;
				SWIFT_VERSION = 5.0;
				TARGETED_DEVICE_FAMILY = "1,2";
				TEST_TARGET_NAME = NewsApp;
			};
			name = Release;
		};
/* End XCBuildConfiguration section */

/* Begin XCConfigurationList section */
		A3ACA4C22AB049EF007763AF /* Build configuration list for PBXProject "NewsApp" */ = {
			isa = XCConfigurationList;
			buildConfigurations = (
				A3ACA4EF2AB049F2007763AF /* Debug */,
				A3ACA4F02AB049F2007763AF /* Release */,
			);
			defaultConfigurationIsVisible = 0;
			defaultConfigurationName = Release;
		};
		A3ACA4F12AB049F2007763AF /* Build configuration list for PBXNativeTarget "NewsApp" */ = {
			isa = XCConfigurationList;
			buildConfigurations = (
				A3ACA4F22AB049F2007763AF /* Debug */,
				A3ACA4F32AB049F2007763AF /* Release */,
			);
			defaultConfigurationIsVisible = 0;
			defaultConfigurationName = Release;
		};
		A3ACA4F42AB049F2007763AF /* Build configuration list for PBXNativeTarget "NewsAppTests" */ = {
			isa = XCConfigurationList;
			buildConfigurations = (
				A3ACA4F52AB049F2007763AF /* Debug */,
				A3ACA4F62AB049F2007763AF /* Release */,
			);
			defaultConfigurationIsVisible = 0;
			defaultConfigurationName = Release;
		};
		A3ACA4F72AB049F2007763AF /* Build configuration list for PBXNativeTarget "NewsAppUITests" */ = {
			isa = XCConfigurationList;
			buildConfigurations = (
				A3ACA4F82AB049F2007763AF /* Debug */,
				A3ACA4F92AB049F2007763AF /* Release */,
			);
			defaultConfigurationIsVisible = 0;
			defaultConfigurationName = Release;
		};
/* End XCConfigurationList section */
	};
	rootObject = A3ACA4BF2AB049EF007763AF /* Project object */;
}
